
Microsoft Visual Studio Solution File, Format Version 12.00
# Visual Studio Version 17
VisualStudioVersion = 17.3.32819.101
MinimumVisualStudioVersion = 10.0.40219.1
Project("{FAE04EC0-301F-11D3-BF4B-00C04F79EFBC}") = "32608896-Project2-API Development-CMPG323", "32608896-Project2-API Development-CMPG323.csproj", "{795AB209-62B1-4DB9-8E67-FBDDB72562ED}"
EndProject
Global
	GlobalSection(SolutionConfigurationPlatforms) = preSolution
		Debug|Any CPU = Debug|Any CPU
		Release|Any CPU = Release|Any CPU
	EndGlobalSection
	GlobalSection(ProjectConfigurationPlatforms) = postSolution
		{795AB209-62B1-4DB9-8E67-FBDDB72562ED}.Debug|Any CPU.ActiveCfg = Debug|Any CPU
		{795AB209-62B1-4DB9-8E67-FBDDB72562ED}.Debug|Any CPU.Build.0 = Debug|Any CPU
		{795AB209-62B1-4DB9-8E67-FBDDB72562ED}.Release|Any CPU.ActiveCfg = Release|Any CPU
		{795AB209-62B1-4DB9-8E67-FBDDB72562ED}.Release|Any CPU.Build.0 = Release|Any CPU
	EndGlobalSection
	GlobalSection(SolutionProperties) = preSolution
		HideSolutionNode = FALSE
	EndGlobalSection
	GlobalSection(ExtensibilityGlobals) = postSolution
		SolutionGuid = {93397952-3508-4A5E-9AF1-F10C9598BA8A}
	EndGlobalSection
EndGlobal
